
Microsoft Visual Studio Solution File, Format Version 12.00
# Visual Studio Version 17
VisualStudioVersion = 17.0.32112.339
MinimumVisualStudioVersion = 10.0.40219.1
Project("{FAE04EC0-301F-11D3-BF4B-00C04F79EFBC}") = "Agent", "Agent\Agent.csproj", "{A57732C0-825D-4582-875C-FD57846C0135}"
EndProject
Project("{FAE04EC0-301F-11D3-BF4B-00C04F79EFBC}") = "AgentDotnet", "AgentDotnet\AgentDotnet.csproj", "{BD71CB33-C96B-4F88-93B1-5843A2D780E1}"
EndProject
Project("{FAE04EC0-301F-11D3-BF4B-00C04F79EFBC}") = "AgentHttp", "AgentHttp\AgentHttp.csproj", "{4B01FAC2-C197-4BE7-A4C8-F78E6DFC4362}"
EndProject
Project("{54435603-DBB4-11D2-8724-00A0C9A8B90C}") = "AgentSetup", "AgentSetup\AgentSetup.vdproj", "{A648E307-5A06-4A21-AA0D-45974D3C535D}"
EndProject
Global
	GlobalSection(SolutionConfigurationPlatforms) = preSolution
		Debug|Any CPU = Debug|Any CPU
		Release|Any CPU = Release|Any CPU
	EndGlobalSection
	GlobalSection(ProjectConfigurationPlatforms) = postSolution
		{A57732C0-825D-4582-875C-FD57846C0135}.Debug|Any CPU.ActiveCfg = Debug|Any CPU
		{A57732C0-825D-4582-875C-FD57846C0135}.Debug|Any CPU.Build.0 = Debug|Any CPU
		{A57732C0-825D-4582-875C-FD57846C0135}.Release|Any CPU.ActiveCfg = Release|Any CPU
		{BD71CB33-C96B-4F88-93B1-5843A2D780E1}.Debug|Any CPU.ActiveCfg = Debug|Any CPU
		{BD71CB33-C96B-4F88-93B1-5843A2D780E1}.Debug|Any CPU.Build.0 = Debug|Any CPU
		{BD71CB33-C96B-4F88-93B1-5843A2D780E1}.Release|Any CPU.ActiveCfg = Release|Any CPU
		{4B01FAC2-C197-4BE7-A4C8-F78E6DFC4362}.Debug|Any CPU.ActiveCfg = Debug|Any CPU
		{4B01FAC2-C197-4BE7-A4C8-F78E6DFC4362}.Debug|Any CPU.Build.0 = Debug|Any CPU
		{4B01FAC2-C197-4BE7-A4C8-F78E6DFC4362}.Release|Any CPU.ActiveCfg = Release|Any CPU
		{4B01FAC2-C197-4BE7-A4C8-F78E6DFC4362}.Release|Any CPU.Build.0 = Release|Any CPU
		{A648E307-5A06-4A21-AA0D-45974D3C535D}.Debug|Any CPU.ActiveCfg = Debug
		{A648E307-5A06-4A21-AA0D-45974D3C535D}.Release|Any CPU.ActiveCfg = Release
	EndGlobalSection
	GlobalSection(SolutionProperties) = preSolution
		HideSolutionNode = FALSE
	EndGlobalSection
	GlobalSection(ExtensibilityGlobals) = postSolution
		SolutionGuid = {6CB60980-36C9-427F-BDC9-46E73AD2D82B}
	EndGlobalSection
EndGlobal
